
Microsoft Visual Studio Solution File, Format Version 12.00
# Visual Studio 15
VisualStudioVersion = 15.0.27703.2035
MinimumVisualStudioVersion = 10.0.40219.1
Project("{00D1A9C2-B5F0-4AF3-8072-F6C62B433612}") = "TestDatabaseProject", "TestDatabaseProject\TestDatabaseProject.sqlproj", "{689A4878-3AF3-4655-8D0C-4A67CDD4FF25}"
EndProject
Global
	GlobalSection(SolutionConfigurationPlatforms) = preSolution
		Debug|Any CPU = Debug|Any CPU
		Release|Any CPU = Release|Any CPU
	EndGlobalSection
	GlobalSection(ProjectConfigurationPlatforms) = postSolution
		{689A4878-3AF3-4655-8D0C-4A67CDD4FF25}.Debug|Any CPU.ActiveCfg = Debug|Any CPU
		{689A4878-3AF3-4655-8D0C-4A67CDD4FF25}.Debug|Any CPU.Build.0 = Debug|Any CPU
		{689A4878-3AF3-4655-8D0C-4A67CDD4FF25}.Debug|Any CPU.Deploy.0 = Debug|Any CPU
		{689A4878-3AF3-4655-8D0C-4A67CDD4FF25}.Release|Any CPU.ActiveCfg = Release|Any CPU
		{689A4878-3AF3-4655-8D0C-4A67CDD4FF25}.Release|Any CPU.Build.0 = Release|Any CPU
		{689A4878-3AF3-4655-8D0C-4A67CDD4FF25}.Release|Any CPU.Deploy.0 = Release|Any CPU
	EndGlobalSection
	GlobalSection(SolutionProperties) = preSolution
		HideSolutionNode = FALSE
	EndGlobalSection
	GlobalSection(ExtensibilityGlobals) = postSolution
		SolutionGuid = {E7450590-8EFC-41A4-A8A6-DBA803F25A4E}
	EndGlobalSection
EndGlobal
